
Microsoft Visual Studio Solution File, Format Version 12.00
# Visual Studio Version 17
VisualStudioVersion = 17.0.31903.59
MinimumVisualStudioVersion = 10.0.40219.1
Project("{FAE04EC0-301F-11D3-BF4B-00C04F79EFBC}") = "BackToTheDawn.Loader", "src\BackToTheDawn.Loader\BackToTheDawn.Loader.csproj", "{9255EDB9-7FD9-4282-AF0D-85342A234922}"
EndProject
Project("{FAE04EC0-301F-11D3-BF4B-00C04F79EFBC}") = "BackToTheDawn.ModAPI", "src\BackToTheDawn.ModAPI\BackToTheDawn.ModAPI.csproj", "{0D39BD77-5EA8-4750-AF12-3C25121443C7}"
EndProject
Project("{FAE04EC0-301F-11D3-BF4B-00C04F79EFBC}") = "BackToTheDawn.PhoneAPI", "src\BackToTheDawn.PhoneAPI\BackToTheDawn.PhoneAPI.csproj", "{17C035DE-F5B5-44F8-BB82-63D13F6BFD42}"
EndProject
Project("{FAE04EC0-301F-11D3-BF4B-00C04F79EFBC}") = "BackToTheDawn.ExampleMod", "examples\BackToTheDawn.ExampleMod\BackToTheDawn.ExampleMod.csproj", "{FC1EFA74-5460-4436-B45A-1F9ABF131A34}"
EndProject
Project("{2150E333-8FDC-42A3-9474-1A3956D46DE8}") = "examples", "examples", "{288F351D-5B86-473D-B844-C3FCFDCE3113}"
EndProject
Project("{FAE04EC0-301F-11D3-BF4B-00C04F79EFBC}") = "BackToTheDawn.RoomMonitor", "examples\BackToTheDawn.RoomMonitor\BackToTheDawn.RoomMonitor.csproj", "{C5C9D158-95F8-4C0F-90FF-45CB6925C511}"
EndProject
Project("{FAE04EC0-301F-11D3-BF4B-00C04F79EFBC}") = "BackToTheDawn.TaskEventExample", "examples\BackToTheDawn.TaskEventExample\BackToTheDawn.TaskEventExample.csproj", "{9A4B4E53-20AB-4751-B181-4AA28F0D40D9}"
EndProject
Project("{FAE04EC0-301F-11D3-BF4B-00C04F79EFBC}") = "BackToTheDawn.TaskApiExample", "examples\BackToTheDawn.TaskApiExample\BackToTheDawn.TaskApiExample.csproj", "{6EF3174E-58F0-4FE3-A502-69CC881CEFA8}"
EndProject
Project("{2150E333-8FDC-42A3-9474-1A3956D46DE8}") = "src", "src", "{8744F468-A8D7-479B-9129-AE81C3916E5E}"
EndProject
Project("{FAE04EC0-301F-11D3-BF4B-00C04F79EFBC}") = "BackToTheDawn.ShopAPI", "src\BackToTheDawn.ShopAPI\BackToTheDawn.ShopAPI.csproj", "{9258A83E-42D5-43DA-B777-E46779641288}"
EndProject
Global
	GlobalSection(SolutionConfigurationPlatforms) = preSolution
		Debug|Any CPU = Debug|Any CPU
		Release|Any CPU = Release|Any CPU
	EndGlobalSection
	GlobalSection(ProjectConfigurationPlatforms) = postSolution
		{9255EDB9-7FD9-4282-AF0D-85342A234922}.Debug|Any CPU.ActiveCfg = Debug|Any CPU
		{9255EDB9-7FD9-4282-AF0D-85342A234922}.Debug|Any CPU.Build.0 = Debug|Any CPU
		{9255EDB9-7FD9-4282-AF0D-85342A234922}.Release|Any CPU.ActiveCfg = Release|Any CPU
		{9255EDB9-7FD9-4282-AF0D-85342A234922}.Release|Any CPU.Build.0 = Release|Any CPU
		{0D39BD77-5EA8-4750-AF12-3C25121443C7}.Debug|Any CPU.ActiveCfg = Debug|Any CPU
		{0D39BD77-5EA8-4750-AF12-3C25121443C7}.Debug|Any CPU.Build.0 = Debug|Any CPU
		{0D39BD77-5EA8-4750-AF12-3C25121443C7}.Release|Any CPU.ActiveCfg = Release|Any CPU
		{0D39BD77-5EA8-4750-AF12-3C25121443C7}.Release|Any CPU.Build.0 = Release|Any CPU
		{17C035DE-F5B5-44F8-BB82-63D13F6BFD42}.Debug|Any CPU.ActiveCfg = Debug|Any CPU
		{17C035DE-F5B5-44F8-BB82-63D13F6BFD42}.Debug|Any CPU.Build.0 = Debug|Any CPU
		{17C035DE-F5B5-44F8-BB82-63D13F6BFD42}.Release|Any CPU.ActiveCfg = Release|Any CPU
		{17C035DE-F5B5-44F8-BB82-63D13F6BFD42}.Release|Any CPU.Build.0 = Release|Any CPU
		{FC1EFA74-5460-4436-B45A-1F9ABF131A34}.Debug|Any CPU.ActiveCfg = Debug|Any CPU
		{FC1EFA74-5460-4436-B45A-1F9ABF131A34}.Debug|Any CPU.Build.0 = Debug|Any CPU
		{FC1EFA74-5460-4436-B45A-1F9ABF131A34}.Release|Any CPU.ActiveCfg = Release|Any CPU
		{FC1EFA74-5460-4436-B45A-1F9ABF131A34}.Release|Any CPU.Build.0 = Release|Any CPU
		{C5C9D158-95F8-4C0F-90FF-45CB6925C511}.Debug|Any CPU.ActiveCfg = Debug|Any CPU
		{C5C9D158-95F8-4C0F-90FF-45CB6925C511}.Debug|Any CPU.Build.0 = Debug|Any CPU
		{C5C9D158-95F8-4C0F-90FF-45CB6925C511}.Release|Any CPU.ActiveCfg = Release|Any CPU
		{C5C9D158-95F8-4C0F-90FF-45CB6925C511}.Release|Any CPU.Build.0 = Release|Any CPU
		{9A4B4E53-20AB-4751-B181-4AA28F0D40D9}.Debug|Any CPU.ActiveCfg = Debug|Any CPU
		{9A4B4E53-20AB-4751-B181-4AA28F0D40D9}.Debug|Any CPU.Build.0 = Debug|Any CPU
		{9A4B4E53-20AB-4751-B181-4AA28F0D40D9}.Release|Any CPU.ActiveCfg = Release|Any CPU
		{9A4B4E53-20AB-4751-B181-4AA28F0D40D9}.Release|Any CPU.Build.0 = Release|Any CPU
		{6EF3174E-58F0-4FE3-A502-69CC881CEFA8}.Debug|Any CPU.ActiveCfg = Debug|Any CPU
		{6EF3174E-58F0-4FE3-A502-69CC881CEFA8}.Debug|Any CPU.Build.0 = Debug|Any CPU
		{6EF3174E-58F0-4FE3-A502-69CC881CEFA8}.Release|Any CPU.ActiveCfg = Release|Any CPU
		{6EF3174E-58F0-4FE3-A502-69CC881CEFA8}.Release|Any CPU.Build.0 = Release|Any CPU
		{9258A83E-42D5-43DA-B777-E46779641288}.Debug|Any CPU.ActiveCfg = Debug|Any CPU
		{9258A83E-42D5-43DA-B777-E46779641288}.Debug|Any CPU.Build.0 = Debug|Any CPU
		{9258A83E-42D5-43DA-B777-E46779641288}.Release|Any CPU.ActiveCfg = Release|Any CPU
		{9258A83E-42D5-43DA-B777-E46779641288}.Release|Any CPU.Build.0 = Release|Any CPU
	EndGlobalSection
	GlobalSection(NestedProjects) = preSolution
		{C5C9D158-95F8-4C0F-90FF-45CB6925C511} = {288F351D-5B86-473D-B844-C3FCFDCE3113}
		{9A4B4E53-20AB-4751-B181-4AA28F0D40D9} = {288F351D-5B86-473D-B844-C3FCFDCE3113}
		{6EF3174E-58F0-4FE3-A502-69CC881CEFA8} = {288F351D-5B86-473D-B844-C3FCFDCE3113}
		{9258A83E-42D5-43DA-B777-E46779641288} = {8744F468-A8D7-479B-9129-AE81C3916E5E}
	EndGlobalSection
EndGlobal
